
Microsoft Visual Studio Solution File, Format Version 12.00
# Visual Studio Version 17
VisualStudioVersion = 17.7.34031.279
MinimumVisualStudioVersion = 10.0.40219.1
Project("{FAE04EC0-301F-11D3-BF4B-00C04F79EFBC}") = "Gym management", "Gym management.csproj", "{815AE4D2-48E0-4918-A58C-B9B8C2E71544}"
EndProject
Global
	GlobalSection(SolutionConfigurationPlatforms) = preSolution
		Debug|Any CPU = Debug|Any CPU
		Release|Any CPU = Release|Any CPU
	EndGlobalSection
	GlobalSection(ProjectConfigurationPlatforms) = postSolution
		{815AE4D2-48E0-4918-A58C-B9B8C2E71544}.Debug|Any CPU.ActiveCfg = Debug|Any CPU
		{815AE4D2-48E0-4918-A58C-B9B8C2E71544}.Debug|Any CPU.Build.0 = Debug|Any CPU
		{815AE4D2-48E0-4918-A58C-B9B8C2E71544}.Release|Any CPU.ActiveCfg = Release|Any CPU
		{815AE4D2-48E0-4918-A58C-B9B8C2E71544}.Release|Any CPU.Build.0 = Release|Any CPU
	EndGlobalSection
	GlobalSection(SolutionProperties) = preSolution
		HideSolutionNode = FALSE
	EndGlobalSection
	GlobalSection(ExtensibilityGlobals) = postSolution
		SolutionGuid = {4775C8CD-C7DB-42EE-9490-CBED36564C4E}
	EndGlobalSection
EndGlobal
